{
  "name": "ledger",
  "version": "0.0.0",
  "lockfileVersion": 3,
  "requires": true,
  "packages": {
    "": {
      "name": "ledger",
      "version": "0.0.0",
      "dependencies": {
        "better-sqlite3": "^12.6.2"
      },
      "devDependencies": {
        "typescript": "^5.9.3",
        "vitest": "^4.0.18"
      }
    }
  }
}
